// !$*UTF8*$!
{
	archiveVersion = 1;
	classes = {
	};
	objectVersion = 46;
	objects = {

/* Begin PBXBuildFile section */
		092B6AED1CA27F710062A54B /* Preferences.xib in Resources */ = {isa = PBXBuildFile; fileRef = 092B6AEC1CA27F710062A54B /* Preferences.xib */; };
		092B6AF01CA27F8A0062A54B /* PreferencesController.m in Sources */ = {isa = PBXBuildFile; fileRef = 092B6AEF1CA27F8A0062A54B /* PreferencesController.m */; };
		09ADB7411BE0B21E0084A3DA /* AppDelegate.m in Sources */ = {isa = PBXBuildFile; fileRef = 09ADB7401BE0B21E0084A3DA /* AppDelegate.m */; };
		09ADB7441BE0B21E0084A3DA /* main.m in Sources */ = {isa = PBXBuildFile; fileRef = 09ADB7431BE0B21E0084A3DA /* main.m */; };
		09ADB7461BE0B21E0084A3DA /* Assets.xcassets in Resources */ = {isa = PBXBuildFile; fileRef = 09ADB7451BE0B21E0084A3DA /* Assets.xcassets */; };
		09ADB7491BE0B21E0084A3DA /* MainMenu.xib in Resources */ = {isa = PBXBuildFile; fileRef = 09ADB7471BE0B21E0084A3DA /* MainMenu.xib */; };
		09ADB7541BE0B21E0084A3DA /* Productivity_HelperTests.m in Sources */ = {isa = PBXBuildFile; fileRef = 09ADB7531BE0B21E0084A3DA /* Productivity_HelperTests.m */; };
		09ADB75F1BE0B21E0084A3DA /* Productivity_HelperUITests.m in Sources */ = {isa = PBXBuildFile; fileRef = 09ADB75E1BE0B21E0084A3DA /* Productivity_HelperUITests.m */; };
		09B429941CA3F9DC00934711 /* Stats.html in Resources */ = {isa = PBXBuildFile; fileRef = 09B429931CA3F9DC00934711 /* Stats.html */; };
		09E6864A20060FF10036814A /* kill_server.sh in Resources */ = {isa = PBXBuildFile; fileRef = 09E6864920060FF10036814A /* kill_server.sh */; };
/* End PBXBuildFile section */

/* Begin PBXContainerItemProxy section */
		09ADB7501BE0B21E0084A3DA /* PBXContainerItemProxy */ = {
			isa = PBXContainerItemProxy;
			containerPortal = 09ADB7341BE0B21E0084A3DA /* Project object */;
			proxyType = 1;
			remoteGlobalIDString = 09ADB73B1BE0B21E0084A3DA;
			remoteInfo = "Productivity Helper";
		};
		09ADB75B1BE0B21E0084A3DA /* PBXContainerItemProxy */ = {
			isa = PBXContainerItemProxy;
			containerPortal = 09ADB7341BE0B21E0084A3DA /* Project object */;
			proxyType = 1;
			remoteGlobalIDString = 09ADB73B1BE0B21E0084A3DA;
			remoteInfo = "Productivity Helper";
		};
/* End PBXContainerItemProxy section */

/* Begin PBXFileReference section */
		092B6AEC1CA27F710062A54B /* Preferences.xib */ = {isa = PBXFileReference; fileEncoding = 4; lastKnownFileType = file.xib; path = Preferences.xib; sourceTree = "<group>"; };
		092B6AEE1CA27F8A0062A54B /* PreferencesController.h */ = {isa = PBXFileReference; fileEncoding = 4; lastKnownFileType = sourcecode.c.h; path = PreferencesController.h; sourceTree = "<group>"; };
		092B6AEF1CA27F8A0062A54B /* PreferencesController.m */ = {isa = PBXFileReference; fileEncoding = 4; lastKnownFileType = sourcecode.c.objc; path = PreferencesController.m; sourceTree = "<group>"; };
		09ADB73C1BE0B21E0084A3DA /* Productivity Helper.app */ = {isa = PBXFileReference; explicitFileType = wrapper.application; includeInIndex = 0; path = "Productivity Helper.app"; sourceTree = BUILT_PRODUCTS_DIR; };
		09ADB73F1BE0B21E0084A3DA /* AppDelegate.h */ = {isa = PBXFileReference; lastKnownFileType = sourcecode.c.h; path = AppDelegate.h; sourceTree = "<group>"; };
		09ADB7401BE0B21E0084A3DA /* AppDelegate.m */ = {isa = PBXFileReference; lastKnownFileType = sourcecode.c.objc; path = AppDelegate.m; sourceTree = "<group>"; };
		09ADB7431BE0B21E0084A3DA /* main.m */ = {isa = PBXFileReference; lastKnownFileType = sourcecode.c.objc; path = main.m; sourceTree = "<group>"; };
		09ADB7451BE0B21E0084A3DA /* Assets.xcassets */ = {isa = PBXFileReference; lastKnownFileType = folder.assetcatalog; path = Assets.xcassets; sourceTree = "<group>"; };
		09ADB7481BE0B21E0084A3DA /* Base */ = {isa = PBXFileReference; lastKnownFileType = file.xib; name = Base; path = Base.lproj/MainMenu.xib; sourceTree = "<group>"; };
		09ADB74A1BE0B21E0084A3DA /* Info.plist */ = {isa = PBXFileReference; lastKnownFileType = text.plist.xml; path = Info.plist; sourceTree = "<group>"; };
		09ADB74F1BE0B21E0084A3DA /* Productivity HelperTests.xctest */ = {isa = PBXFileReference; explicitFileType = wrapper.cfbundle; includeInIndex = 0; path = "Productivity HelperTests.xctest"; sourceTree = BUILT_PRODUCTS_DIR; };
		09ADB7531BE0B21E0084A3DA /* Productivity_HelperTests.m */ = {isa = PBXFileReference; lastKnownFileType = sourcecode.c.objc; path = Productivity_HelperTests.m; sourceTree = "<group>"; };
		09ADB7551BE0B21E0084A3DA /* Info.plist */ = {isa = PBXFileReference; lastKnownFileType = text.plist.xml; path = Info.plist; sourceTree = "<group>"; };
		09ADB75A1BE0B21E0084A3DA /* Productivity HelperUITests.xctest */ = {isa = PBXFileReference; explicitFileType = wrapper.cfbundle; includeInIndex = 0; path = "Productivity HelperUITests.xctest"; sourceTree = BUILT_PRODUCTS_DIR; };
		09ADB75E1BE0B21E0084A3DA /* Productivity_HelperUITests.m */ = {isa = PBXFileReference; lastKnownFileType = sourcecode.c.objc; path = Productivity_HelperUITests.m; sourceTree = "<group>"; };
		09ADB7601BE0B21E0084A3DA /* Info.plist */ = {isa = PBXFileReference; lastKnownFileType = text.plist.xml; path = Info.plist; sourceTree = "<group>"; };
		09B429931CA3F9DC00934711 /* Stats.html */ = {isa = PBXFileReference; fileEncoding = 4; lastKnownFileType = text.html; path = Stats.html; sourceTree = "<group>"; };
		09E6864920060FF10036814A /* kill_server.sh */ = {isa = PBXFileReference; fileEncoding = 4; lastKnownFileType = text.script.sh; path = kill_server.sh; sourceTree = "<group>"; };
/* End PBXFileReference section */

/* Begin PBXFrameworksBuildPhase section */
		09ADB7391BE0B21E0084A3DA /* Frameworks */ = {
			isa = PBXFrameworksBuildPhase;
			buildActionMask = 2147483647;
			files = (
			);
			runOnlyForDeploymentPostprocessing = 0;
		};
		09ADB74C1BE0B21E0084A3DA /* Frameworks */ = {
			isa = PBXFrameworksBuildPhase;
			buildActionMask = 2147483647;
			files = (
			);
			runOnlyForDeploymentPostprocessing = 0;
		};
		09ADB7571BE0B21E0084A3DA /* Frameworks */ = {
			isa = PBXFrameworksBuildPhase;
			buildActionMask = 2147483647;
			files = (
			);
			runOnlyForDeploymentPostprocessing = 0;
		};
/* End PBXFrameworksBuildPhase section */

/* Begin PBXGroup section */
		09ADB7331BE0B21E0084A3DA = {
			isa = PBXGroup;
			children = (
				09E6864920060FF10036814A /* kill_server.sh */,
				09ADB73E1BE0B21E0084A3DA /* Productivity Helper */,
				09ADB7521BE0B21E0084A3DA /* Productivity HelperTests */,
				09ADB75D1BE0B21E0084A3DA /* Productivity HelperUITests */,
				09ADB73D1BE0B21E0084A3DA /* Products */,
			);
			sourceTree = "<group>";
		};
		09ADB73D1BE0B21E0084A3DA /* Products */ = {
			isa = PBXGroup;
			children = (
				09ADB73C1BE0B21E0084A3DA /* Productivity Helper.app */,
				09ADB74F1BE0B21E0084A3DA /* Productivity HelperTests.xctest */,
				09ADB75A1BE0B21E0084A3DA /* Productivity HelperUITests.xctest */,
			);
			name = Products;
			sourceTree = "<group>";
		};
		09ADB73E1BE0B21E0084A3DA /* Productivity Helper */ = {
			isa = PBXGroup;
			children = (
				09B429931CA3F9DC00934711 /* Stats.html */,
				09ADB73F1BE0B21E0084A3DA /* AppDelegate.h */,
				09ADB7401BE0B21E0084A3DA /* AppDelegate.m */,
				09ADB7471BE0B21E0084A3DA /* MainMenu.xib */,
				092B6AEE1CA27F8A0062A54B /* PreferencesController.h */,
				092B6AEF1CA27F8A0062A54B /* PreferencesController.m */,
				092B6AEC1CA27F710062A54B /* Preferences.xib */,
				09ADB7451BE0B21E0084A3DA /* Assets.xcassets */,
				09ADB74A1BE0B21E0084A3DA /* Info.plist */,
				09ADB7421BE0B21E0084A3DA /* Supporting Files */,
			);
			path = "Productivity Helper";
			sourceTree = "<group>";
		};
		09ADB7421BE0B21E0084A3DA /* Supporting Files */ = {
			isa = PBXGroup;
			children = (
				09ADB7431BE0B21E0084A3DA /* main.m */,
			);
			name = "Supporting Files";
			sourceTree = "<group>";
		};
		09ADB7521BE0B21E0084A3DA /* Productivity HelperTests */ = {
			isa = PBXGroup;
			children = (
				09ADB7531BE0B21E0084A3DA /* Productivity_HelperTests.m */,
				09ADB7551BE0B21E0084A3DA /* Info.plist */,
			);
			path = "Productivity HelperTests";
			sourceTree = "<group>";
		};
		09ADB75D1BE0B21E0084A3DA /* Productivity HelperUITests */ = {
			isa = PBXGroup;
			children = (
				09ADB75E1BE0B21E0084A3DA /* Productivity_HelperUITests.m */,
				09ADB7601BE0B21E0084A3DA /* Info.plist */,
			);
			path = "Productivity HelperUITests";
			sourceTree = "<group>";
		};
/* End PBXGroup section */

/* Begin PBXNativeTarget section */
		09ADB73B1BE0B21E0084A3DA /* Productivity Helper */ = {
			isa = PBXNativeTarget;
			buildConfigurationList = 09ADB7631BE0B21E0084A3DA /* Build configuration list for PBXNativeTarget "Productivity Helper" */;
			buildPhases = (
				09ADB7381BE0B21E0084A3DA /* Sources */,
				09ADB7391BE0B21E0084A3DA /* Frameworks */,
				09ADB73A1BE0B21E0084A3DA /* Resources */,
			);
			buildRules = (
			);
			dependencies = (
			);
			name = "Productivity Helper";
			productName = "Productivity Helper";
			productReference = 09ADB73C1BE0B21E0084A3DA /* Productivity Helper.app */;
			productType = "com.apple.product-type.application";
		};
		09ADB74E1BE0B21E0084A3DA /* Productivity HelperTests */ = {
			isa = PBXNativeTarget;
			buildConfigurationList = 09ADB7661BE0B21E0084A3DA /* Build configuration list for PBXNativeTarget "Productivity HelperTests" */;
			buildPhases = (
				09ADB74B1BE0B21E0084A3DA /* Sources */,
				09ADB74C1BE0B21E0084A3DA /* Frameworks */,
				09ADB74D1BE0B21E0084A3DA /* Resources */,
			);
			buildRules = (
			);
			dependencies = (
				09ADB7511BE0B21E0084A3DA /* PBXTargetDependency */,
			);
			name = "Productivity HelperTests";
			productName = "Productivity HelperTests";
			productReference = 09ADB74F1BE0B21E0084A3DA /* Productivity HelperTests.xctest */;
			productType = "com.apple.product-type.bundle.unit-test";
		};
		09ADB7591BE0B21E0084A3DA /* Productivity HelperUITests */ = {
			isa = PBXNativeTarget;
			buildConfigurationList = 09ADB7691BE0B21E0084A3DA /* Build configuration list for PBXNativeTarget "Productivity HelperUITests" */;
			buildPhases = (
				09ADB7561BE0B21E0084A3DA /* Sources */,
				09ADB7571BE0B21E0084A3DA /* Frameworks */,
				09ADB7581BE0B21E0084A3DA /* Resources */,
			);
			buildRules = (
			);
			dependencies = (
				09ADB75C1BE0B21E0084A3DA /* PBXTargetDependency */,
			);
			name = "Productivity HelperUITests";
			productName = "Productivity HelperUITests";
			productReference = 09ADB75A1BE0B21E0084A3DA /* Productivity HelperUITests.xctest */;
			productType = "com.apple.product-type.bundle.ui-testing";
		};
/* End PBXNativeTarget section */

/* Begin PBXProject section */
		09ADB7341BE0B21E0084A3DA /* Project object */ = {
			isa = PBXProject;
			attributes = {
				LastUpgradeCheck = 0700;
				ORGANIZATIONNAME = "Nimit Sohoni";
				TargetAttributes = {
					09ADB73B1BE0B21E0084A3DA = {
						CreatedOnToolsVersion = 7.0;
					};
					09ADB74E1BE0B21E0084A3DA = {
						CreatedOnToolsVersion = 7.0;
						TestTargetID = 09ADB73B1BE0B21E0084A3DA;
					};
					09ADB7591BE0B21E0084A3DA = {
						CreatedOnToolsVersion = 7.0;
						TestTargetID = 09ADB73B1BE0B21E0084A3DA;
					};
				};
			};
			buildConfigurationList = 09ADB7371BE0B21E0084A3DA /* Build configuration list for PBXProject "Productivity Helper" */;
			compatibilityVersion = "Xcode 3.2";
			developmentRegion = English;
			hasScannedForEncodings = 0;
			knownRegions = (
				en,
				Base,
			);
			mainGroup = 09ADB7331BE0B21E0084A3DA;
			productRefGroup = 09ADB73D1BE0B21E0084A3DA /* Products */;
			projectDirPath = "";
			projectRoot = "";
			targets = (
				09ADB73B1BE0B21E0084A3DA /* Productivity Helper */,
				09ADB74E1BE0B21E0084A3DA /* Productivity HelperTests */,
				09ADB7591BE0B21E0084A3DA /* Productivity HelperUITests */,
			);
		};
/* End PBXProject section */

/* Begin PBXResourcesBuildPhase section */
		09ADB73A1BE0B21E0084A3DA /* Resources */ = {
			isa = PBXResourcesBuildPhase;
			buildActionMask = 2147483647;
			files = (
				09B429941CA3F9DC00934711 /* Stats.html in Resources */,
				09ADB7461BE0B21E0084A3DA /* Assets.xcassets in Resources */,
				09E6864A20060FF10036814A /* kill_server.sh in Resources */,
				092B6AED1CA27F710062A54B /* Preferences.xib in Resources */,
				09ADB7491BE0B21E0084A3DA /* MainMenu.xib in Resources */,
			);
			runOnlyForDeploymentPostprocessing = 0;
		};
		09ADB74D1BE0B21E0084A3DA /* Resources */ = {
			isa = PBXResourcesBuildPhase;
			buildActionMask = 2147483647;
			files = (
			);
			runOnlyForDeploymentPostprocessing = 0;
		};
		09ADB7581BE0B21E0084A3DA /* Resources */ = {
			isa = PBXResourcesBuildPhase;
			buildActionMask = 2147483647;
			files = (
			);
			runOnlyForDeploymentPostprocessing = 0;
		};
/* End PBXResourcesBuildPhase section */

/* Begin PBXSourcesBuildPhase section */
		09ADB7381BE0B21E0084A3DA /* Sources */ = {
			isa = PBXSourcesBuildPhase;
			buildActionMask = 2147483647;
			files = (
				092B6AF01CA27F8A0062A54B /* PreferencesController.m in Sources */,
				09ADB7441BE0B21E0084A3DA /* main.m in Sources */,
				09ADB7411BE0B21E0084A3DA /* AppDelegate.m in Sources */,
			);
			runOnlyForDeploymentPostprocessing = 0;
		};
		09ADB74B1BE0B21E0084A3DA /* Sources */ = {
			isa = PBXSourcesBuildPhase;
			buildActionMask = 2147483647;
			files = (
				09ADB7541BE0B21E0084A3DA /* Productivity_HelperTests.m in Sources */,
			);
			runOnlyForDeploymentPostprocessing = 0;
		};
		09ADB7561BE0B21E0084A3DA /* Sources */ = {
			isa = PBXSourcesBuildPhase;
			buildActionMask = 2147483647;
			files = (
				09ADB75F1BE0B21E0084A3DA /* Productivity_HelperUITests.m in Sources */,
			);
			runOnlyForDeploymentPostprocessing = 0;
		};
/* End PBXSourcesBuildPhase section */

/* Begin PBXTargetDependency section */
		09ADB7511BE0B21E0084A3DA /* PBXTargetDependency */ = {
			isa = PBXTargetDependency;
			target = 09ADB73B1BE0B21E0084A3DA /* Productivity Helper */;
			targetProxy = 09ADB7501BE0B21E0084A3DA /* PBXContainerItemProxy */;
		};
		09ADB75C1BE0B21E0084A3DA /* PBXTargetDependency */ = {
			isa = PBXTargetDependency;
			target = 09ADB73B1BE0B21E0084A3DA /* Productivity Helper */;
			targetProxy = 09ADB75B1BE0B21E0084A3DA /* PBXContainerItemProxy */;
		};
/* End PBXTargetDependency section */

/* Begin PBXVariantGroup section */
		09ADB7471BE0B21E0084A3DA /* MainMenu.xib */ = {
			isa = PBXVariantGroup;
			children = (
				09ADB7481BE0B21E0084A3DA /* Base */,
			);
			name = MainMenu.xib;
			sourceTree = "<group>";
		};
/* End PBXVariantGroup section */

/* Begin XCBuildConfiguration section */
		09ADB7611BE0B21E0084A3DA /* Debug */ = {
			isa = XCBuildConfiguration;
			buildSettings = {
				ALWAYS_SEARCH_USER_PATHS = NO;
				CLANG_CXX_LANGUAGE_STANDARD = "gnu++0x";
				CLANG_CXX_LIBRARY = "libc++";
				CLANG_ENABLE_MODULES = YES;
				CLANG_ENABLE_OBJC_ARC = YES;
				CLANG_WARN_BOOL_CONVERSION = YES;
				CLANG_WARN_CONSTANT_CONVERSION = YES;
				CLANG_WARN_DIRECT_OBJC_ISA_USAGE = YES_ERROR;
				CLANG_WARN_EMPTY_BODY = YES;
				CLANG_WARN_ENUM_CONVERSION = YES;
				CLANG_WARN_INT_CONVERSION = YES;
				CLANG_WARN_OBJC_ROOT_CLASS = YES_ERROR;
				CLANG_WARN_UNREACHABLE_CODE = YES;
				CLANG_WARN__DUPLICATE_METHOD_MATCH = YES;
				CODE_SIGN_IDENTITY = "-";
				COPY_PHASE_STRIP = NO;
				DEBUG_INFORMATION_FORMAT = dwarf;
				ENABLE_STRICT_OBJC_MSGSEND = YES;
				ENABLE_TESTABILITY = YES;
				GCC_C_LANGUAGE_STANDARD = gnu99;
				GCC_DYNAMIC_NO_PIC = NO;
				GCC_NO_COMMON_BLOCKS = YES;
				GCC_OPTIMIZATION_LEVEL = 0;
				GCC_PREPROCESSOR_DEFINITIONS = (
					"DEBUG=1",
					"$(inherited)",
				);
				GCC_WARN_64_TO_32_BIT_CONVERSION = YES;
				GCC_WARN_ABOUT_RETURN_TYPE = YES_ERROR;
				GCC_WARN_UNDECLARED_SELECTOR = YES;
				GCC_WARN_UNINITIALIZED_AUTOS = YES_AGGRESSIVE;
				GCC_WARN_UNUSED_FUNCTION = YES;
				GCC_WARN_UNUSED_VARIABLE = YES;
				MACOSX_DEPLOYMENT_TARGET = 10.11;
				MTL_ENABLE_DEBUG_INFO = YES;
				ONLY_ACTIVE_ARCH = YES;
				SDKROOT = macosx;
			};
			name = Debug;
		};
		09ADB7621BE0B21E0084A3DA /* Release */ = {
			isa = XCBuildConfiguration;
			buildSettings = {
				ALWAYS_SEARCH_USER_PATHS = NO;
				CLANG_CXX_LANGUAGE_STANDARD = "gnu++0x";
				CLANG_CXX_LIBRARY = "libc++";
				CLANG_ENABLE_MODULES = YES;
				CLANG_ENABLE_OBJC_ARC = YES;
				CLANG_WARN_BOOL_CONVERSION = YES;
				CLANG_WARN_CONSTANT_CONVERSION = YES;
				CLANG_WARN_DIRECT_OBJC_ISA_USAGE = YES_ERROR;
				CLANG_WARN_EMPTY_BODY = YES;
				CLANG_WARN_ENUM_CONVERSION = YES;
				CLANG_WARN_INT_CONVERSION = YES;
				CLANG_WARN_OBJC_ROOT_CLASS = YES_ERROR;
				CLANG_WARN_UNREACHABLE_CODE = YES;
				CLANG_WARN__DUPLICATE_METHOD_MATCH = YES;
				CODE_SIGN_IDENTITY = "-";
				COPY_PHASE_STRIP = NO;
				DEBUG_INFORMATION_FORMAT = "dwarf-with-dsym";
				ENABLE_NS_ASSERTIONS = NO;
				ENABLE_STRICT_OBJC_MSGSEND = YES;
				GCC_C_LANGUAGE_STANDARD = gnu99;
				GCC_NO_COMMON_BLOCKS = YES;
				GCC_WARN_64_TO_32_BIT_CONVERSION = YES;
				GCC_WARN_ABOUT_RETURN_TYPE = YES_ERROR;
				GCC_WARN_UNDECLARED_SELECTOR = YES;
				GCC_WARN_UNINITIALIZED_AUTOS = YES_AGGRESSIVE;
				GCC_WARN_UNUSED_FUNCTION = YES;
				GCC_WARN_UNUSED_VARIABLE = YES;
				MACOSX_DEPLOYMENT_TARGET = 10.11;
				MTL_ENABLE_DEBUG_INFO = NO;
				SDKROOT = macosx;
			};
			name = Release;
		};
		09ADB7641BE0B21E0084A3DA /* Debug */ = {
			isa = XCBuildConfiguration;
			buildSettings = {
				ASSETCATALOG_COMPILER_APPICON_NAME = AppIcon;
				COMBINE_HIDPI_IMAGES = YES;
				INFOPLIST_FILE = "Productivity Helper/Info.plist";
				LD_RUNPATH_SEARCH_PATHS = "$(inherited) @executable_path/../Frameworks";
				PRODUCT_BUNDLE_IDENTIFIER = "none.Productivity-Helper";
				PRODUCT_NAME = "$(TARGET_NAME)";
			};
			name = Debug;
		};
		09ADB7651BE0B21E0084A3DA /* Release */ = {
			isa = XCBuildConfiguration;
			buildSettings = {
				ASSETCATALOG_COMPILER_APPICON_NAME = AppIcon;
				COMBINE_HIDPI_IMAGES = YES;
				INFOPLIST_FILE = "Productivity Helper/Info.plist";
				LD_RUNPATH_SEARCH_PATHS = "$(inherited) @executable_path/../Frameworks";
				PRODUCT_BUNDLE_IDENTIFIER = "none.Productivity-Helper";
				PRODUCT_NAME = "$(TARGET_NAME)";
			};
			name = Release;
		};
		09ADB7671BE0B21E0084A3DA /* Debug */ = {
			isa = XCBuildConfiguration;
			buildSettings = {
				BUNDLE_LOADER = "$(TEST_HOST)";
				COMBINE_HIDPI_IMAGES = YES;
				INFOPLIST_FILE = "Productivity HelperTests/Info.plist";
				LD_RUNPATH_SEARCH_PATHS = "$(inherited) @executable_path/../Frameworks @loader_path/../Frameworks";
				PRODUCT_BUNDLE_IDENTIFIER = "none.Productivity-HelperTests";
				PRODUCT_NAME = "$(TARGET_NAME)";
				TEST_HOST = "$(BUILT_PRODUCTS_DIR)/Productivity Helper.app/Contents/MacOS/Productivity Helper";
			};
			name = Debug;
		};
		09ADB7681BE0B21E0084A3DA /* Release */ = {
			isa = XCBuildConfiguration;
			buildSettings = {
				BUNDLE_LOADER = "$(TEST_HOST)";
				COMBINE_HIDPI_IMAGES = YES;
				INFOPLIST_FILE = "Productivity HelperTests/Info.plist";
				LD_RUNPATH_SEARCH_PATHS = "$(inherited) @executable_path/../Frameworks @loader_path/../Frameworks";
				PRODUCT_BUNDLE_IDENTIFIER = "none.Productivity-HelperTests";
				PRODUCT_NAME = "$(TARGET_NAME)";
				TEST_HOST = "$(BUILT_PRODUCTS_DIR)/Productivity Helper.app/Contents/MacOS/Productivity Helper";
			};
			name = Release;
		};
		09ADB76A1BE0B21E0084A3DA /* Debug */ = {
			isa = XCBuildConfiguration;
			buildSettings = {
				COMBINE_HIDPI_IMAGES = YES;
				INFOPLIST_FILE = "Productivity HelperUITests/Info.plist";
				LD_RUNPATH_SEARCH_PATHS = "$(inherited) @executable_path/../Frameworks @loader_path/../Frameworks";
				PRODUCT_BUNDLE_IDENTIFIER = "none.Productivity-HelperUITests";
				PRODUCT_NAME = "$(TARGET_NAME)";
				TEST_TARGET_NAME = "Productivity Helper";
				USES_XCTRUNNER = YES;
			};
			name = Debug;
		};
		09ADB76B1BE0B21E0084A3DA /* Release */ = {
			isa = XCBuildConfiguration;
			buildSettings = {
				COMBINE_HIDPI_IMAGES = YES;
				INFOPLIST_FILE = "Productivity HelperUITests/Info.plist";
				LD_RUNPATH_SEARCH_PATHS = "$(inherited) @executable_path/../Frameworks @loader_path/../Frameworks";
				PRODUCT_BUNDLE_IDENTIFIER = "none.Productivity-HelperUITests";
				PRODUCT_NAME = "$(TARGET_NAME)";
				TEST_TARGET_NAME = "Productivity Helper";
				USES_XCTRUNNER = YES;
			};
			name = Release;
		};
/* End XCBuildConfiguration section */

/* Begin XCConfigurationList section */
		09ADB7371BE0B21E0084A3DA /* Build configuration list for PBXProject "Productivity Helper" */ = {
			isa = XCConfigurationList;
			buildConfigurations = (
				09ADB7611BE0B21E0084A3DA /* Debug */,
				09ADB7621BE0B21E0084A3DA /* Release */,
			);
			defaultConfigurationIsVisible = 0;
			defaultConfigurationName = Release;
		};
		09ADB7631BE0B21E0084A3DA /* Build configuration list for PBXNativeTarget "Productivity Helper" */ = {
			isa = XCConfigurationList;
			buildConfigurations = (
				09ADB7641BE0B21E0084A3DA /* Debug */,
				09ADB7651BE0B21E0084A3DA /* Release */,
			);
			defaultConfigurationIsVisible = 0;
			defaultConfigurationName = Release;
		};
		09ADB7661BE0B21E0084A3DA /* Build configuration list for PBXNativeTarget "Productivity HelperTests" */ = {
			isa = XCConfigurationList;
			buildConfigurations = (
				09ADB7671BE0B21E0084A3DA /* Debug */,
				09ADB7681BE0B21E0084A3DA /* Release */,
			);
			defaultConfigurationIsVisible = 0;
			defaultConfigurationName = Release;
		};
		09ADB7691BE0B21E0084A3DA /* Build configuration list for PBXNativeTarget "Productivity HelperUITests" */ = {
			isa = XCConfigurationList;
			buildConfigurations = (
				09ADB76A1BE0B21E0084A3DA /* Debug */,
				09ADB76B1BE0B21E0084A3DA /* Release */,
			);
			defaultConfigurationIsVisible = 0;
			defaultConfigurationName = Release;
		};
/* End XCConfigurationList section */
	};
	rootObject = 09ADB7341BE0B21E0084A3DA /* Project object */;
}
